
Microsoft Visual Studio Solution File, Format Version 12.00
# Visual Studio Version 17
VisualStudioVersion = 17.0.32112.339
MinimumVisualStudioVersion = 10.0.40219.1
Project("{FAE04EC0-301F-11D3-BF4B-00C04F79EFBC}") = "Proyecto Francisco Cernadas PR2", "Proyecto Francisco Cernadas PR2.csproj", "{3FDDC0D9-AFB4-43A4-A17E-2330FD2F3773}"
EndProject
Global
	GlobalSection(SolutionConfigurationPlatforms) = preSolution
		Debug|Any CPU = Debug|Any CPU
		Release|Any CPU = Release|Any CPU
	EndGlobalSection
	GlobalSection(ProjectConfigurationPlatforms) = postSolution
		{3FDDC0D9-AFB4-43A4-A17E-2330FD2F3773}.Debug|Any CPU.ActiveCfg = Debug|Any CPU
		{3FDDC0D9-AFB4-43A4-A17E-2330FD2F3773}.Debug|Any CPU.Build.0 = Debug|Any CPU
		{3FDDC0D9-AFB4-43A4-A17E-2330FD2F3773}.Release|Any CPU.ActiveCfg = Release|Any CPU
		{3FDDC0D9-AFB4-43A4-A17E-2330FD2F3773}.Release|Any CPU.Build.0 = Release|Any CPU
	EndGlobalSection
	GlobalSection(SolutionProperties) = preSolution
		HideSolutionNode = FALSE
	EndGlobalSection
	GlobalSection(ExtensibilityGlobals) = postSolution
		SolutionGuid = {68B70E97-301F-4266-8212-8C92F687669D}
	EndGlobalSection
EndGlobal
